Microsoft Visual Studio Solution File, Format Version 12.00
# Visual Studio Version 17
VisualStudioVersion = 17.5.2.0
MinimumVisualStudioVersion = 10.0.40219.1
Project("{FAE04EC0-301F-11D3-BF4B-00C04F79EFBC}") = "ParkingSystem", "ParkingSystem\ParkingSystem.csproj", "{134E0C50-B1FC-FB55-C4A5-77C3963A150E}"
EndProject
Global
	GlobalSection(SolutionConfigurationPlatforms) = preSolution
		Debug|Any CPU = Debug|Any CPU
		Release|Any CPU = Release|Any CPU
	EndGlobalSection
	GlobalSection(ProjectConfigurationPlatforms) = postSolution
		{134E0C50-B1FC-FB55-C4A5-77C3963A150E}.Debug|Any CPU.ActiveCfg = Debug|Any CPU
		{134E0C50-B1FC-FB55-C4A5-77C3963A150E}.Debug|Any CPU.Build.0 = Debug|Any CPU
		{134E0C50-B1FC-FB55-C4A5-77C3963A150E}.Release|Any CPU.ActiveCfg = Release|Any CPU
		{134E0C50-B1FC-FB55-C4A5-77C3963A150E}.Release|Any CPU.Build.0 = Release|Any CPU
	EndGlobalSection
	GlobalSection(SolutionProperties) = preSolution
		HideSolutionNode = FALSE
	EndGlobalSection
	GlobalSection(ExtensibilityGlobals) = postSolution
		SolutionGuid = {C3FC591D-7907-4EB0-83A9-E9EACAA26C75}
	EndGlobalSection
EndGlobal
